{
  "name": "smoke-task",
  "version": "1.1.2",
  "lockfileVersion": 1,
  "requires": true,
  "dependencies": {
    "@types/node": {
      "version": "8.10.66",
      "resolved": "https://registry.npmjs.org/@types/node/-/node-8.10.66.tgz",
      "integrity": "sha512-tktOkFUA4kXx2hhhrB8bIFb5TbwzS4uOhKEmwiD+NoiL0qtP2OQ9mFldbgD4dV1djrlBYP6eBuQZiWjuHUpqFw==",
      "dev": true
    },
    "typescript": {
      "version": "3.9.7",
      "resolved": "https://registry.npmjs.org/typescript/-/typescript-3.9.7.tgz",
      "integrity": "sha512-BLbiRkiBzAwsjut4x/dsibSTB6yWpwT5qWmC2OfuCg3GgVQCSgMs4vEctYPhsaGtd0AeuuHMkjZ2h2WG8MSzRw==",
      "dev": true
    },
    "typescript-bundle": {
      "version": "1.0.17",
      "resolved": "https://registry.npmjs.org/typescript-bundle/-/typescript-bundle-1.0.17.tgz",
      "integrity": "sha512-mxplyRn77W1CpBBXjC1F9ZmqpYlsx/IdLkfnoIBXhszjXGgt6RJ9UpHo3gmWJUDmuY9UeMMdJgJ3FuOV7Zz24Q==",
      "dev": true
    }
  }
}
